
Microsoft Visual Studio Solution File, Format Version 12.00
# Visual Studio Version 17
VisualStudioVersion = 17.4.33213.308
MinimumVisualStudioVersion = 10.0.40219.1
Project("{FAE04EC0-301F-11D3-BF4B-00C04F79EFBC}") = "CoreWCF_Issue1001", "CoreWCF_Issue1001.csproj", "{4EE3AB47-C22A-4391-9CE1-F541E8DFD224}"
EndProject
Global
	GlobalSection(SolutionConfigurationPlatforms) = preSolution
		Debug|Any CPU = Debug|Any CPU
		Release|Any CPU = Release|Any CPU
	EndGlobalSection
	GlobalSection(ProjectConfigurationPlatforms) = postSolution
		{4EE3AB47-C22A-4391-9CE1-F541E8DFD224}.Debug|Any CPU.ActiveCfg = Debug|Any CPU
		{4EE3AB47-C22A-4391-9CE1-F541E8DFD224}.Debug|Any CPU.Build.0 = Debug|Any CPU
		{4EE3AB47-C22A-4391-9CE1-F541E8DFD224}.Release|Any CPU.ActiveCfg = Release|Any CPU
		{4EE3AB47-C22A-4391-9CE1-F541E8DFD224}.Release|Any CPU.Build.0 = Release|Any CPU
	EndGlobalSection
	GlobalSection(SolutionProperties) = preSolution
		HideSolutionNode = FALSE
	EndGlobalSection
	GlobalSection(ExtensibilityGlobals) = postSolution
		SolutionGuid = {107A2327-43DD-4D01-A165-0791606DF3D3}
	EndGlobalSection
EndGlobal
